// !$*UTF8*$!
{
	archiveVersion = 1;
	classes = {
	};
	objectVersion = 46;
	objects = {

/* Begin PBXBuildFile section */
		615BB76E1A3E33A500315DCE /* PlaySoundsViewController.swift in Sources */ = {isa = PBXBuildFile; fileRef = 615BB76D1A3E33A500315DCE /* PlaySoundsViewController.swift */; };
		615BB7761A40C47000315DCE /* movie_quote.mp3 in Resources */ = {isa = PBXBuildFile; fileRef = 615BB7751A40C47000315DCE /* movie_quote.mp3 */; };
		615BB7781A41530200315DCE /* RecordedAudio.swift in Sources */ = {isa = PBXBuildFile; fileRef = 615BB7771A41530200315DCE /* RecordedAudio.swift */; };
		61CDA1701A41B49A00E9769B /* Main.storyboard in Resources */ = {isa = PBXBuildFile; fileRef = 61CDA16E1A41B49A00E9769B /* Main.storyboard */; };
		61E1786B1A376CDD00029BFE /* AppDelegate.swift in Sources */ = {isa = PBXBuildFile; fileRef = 61E1786A1A376CDD00029BFE /* AppDelegate.swift */; };
		61E1786D1A376CDD00029BFE /* RecordSoundsViewController.swift in Sources */ = {isa = PBXBuildFile; fileRef = 61E1786C1A376CDD00029BFE /* RecordSoundsViewController.swift */; };
		61E178721A376CDD00029BFE /* Images.xcassets in Resources */ = {isa = PBXBuildFile; fileRef = 61E178711A376CDD00029BFE /* Images.xcassets */; };
		61E178751A376CDD00029BFE /* LaunchScreen.xib in Resources */ = {isa = PBXBuildFile; fileRef = 61E178731A376CDD00029BFE /* LaunchScreen.xib */; };
		61E178811A376CDD00029BFE /* Pitch_PerfectTests.swift in Sources */ = {isa = PBXBuildFile; fileRef = 61E178801A376CDD00029BFE /* Pitch_PerfectTests.swift */; };
/* End PBXBuildFile section */

/* Begin PBXContainerItemProxy section */
		61E1787B1A376CDD00029BFE /* PBXContainerItemProxy */ = {
			isa = PBXContainerItemProxy;
			containerPortal = 61E1785D1A376CDD00029BFE /* Project object */;
			proxyType = 1;
			remoteGlobalIDString = 61E178641A376CDD00029BFE;
			remoteInfo = "Pitch Perfect";
		};
/* End PBXContainerItemProxy section */

/* Begin PBXFileReference section */
		615BB76D1A3E33A500315DCE /* PlaySoundsViewController.swift */ = {isa = PBXFileReference; fileEncoding = 4; lastKnownFileType = sourcecode.swift; path = PlaySoundsViewController.swift; sourceTree = "<group>"; };
		615BB7751A40C47000315DCE /* movie_quote.mp3 */ = {isa = PBXFileReference; lastKnownFileType = audio.mp3; name = movie_quote.mp3; path = ../movie_quote.mp3; sourceTree = "<group>"; };
		615BB7771A41530200315DCE /* RecordedAudio.swift */ = {isa = PBXFileReference; fileEncoding = 4; lastKnownFileType = sourcecode.swift; path = RecordedAudio.swift; sourceTree = "<group>"; };
		61CDA16F1A41B49A00E9769B /* Base */ = {isa = PBXFileReference; lastKnownFileType = file.storyboard; name = Base; path = Base.lproj/Main.storyboard; sourceTree = "<group>"; };
		61E178651A376CDD00029BFE /* Pitch Perfect.app */ = {isa = PBXFileReference; explicitFileType = wrapper.application; includeInIndex = 0; path = "Pitch Perfect.app"; sourceTree = BUILT_PRODUCTS_DIR; };
		61E178691A376CDD00029BFE /* Info.plist */ = {isa = PBXFileReference; lastKnownFileType = text.plist.xml; path = Info.plist; sourceTree = "<group>"; };
		61E1786A1A376CDD00029BFE /* AppDelegate.swift */ = {isa = PBXFileReference; lastKnownFileType = sourcecode.swift; path = AppDelegate.swift; sourceTree = "<group>"; };
		61E1786C1A376CDD00029BFE /* RecordSoundsViewController.swift */ = {isa = PBXFileReference; lastKnownFileType = sourcecode.swift; path = RecordSoundsViewController.swift; sourceTree = "<group>"; };
		61E178711A376CDD00029BFE /* Images.xcassets */ = {isa = PBXFileReference; lastKnownFileType = folder.assetcatalog; path = Images.xcassets; sourceTree = "<group>"; };
		61E178741A376CDD00029BFE /* Base */ = {isa = PBXFileReference; lastKnownFileType = file.xib; name = Base; path = Base.lproj/LaunchScreen.xib; sourceTree = "<group>"; };
		61E1787A1A376CDD00029BFE /* Pitch PerfectTests.xctest */ = {isa = PBXFileReference; explicitFileType = wrapper.cfbundle; includeInIndex = 0; path = "Pitch PerfectTests.xctest"; sourceTree = BUILT_PRODUCTS_DIR; };
		61E1787F1A376CDD00029BFE /* Info.plist */ = {isa = PBXFileReference; lastKnownFileType = text.plist.xml; path = Info.plist; sourceTree = "<group>"; };
		61E178801A376CDD00029BFE /* Pitch_PerfectTests.swift */ = {isa = PBXFileReference; lastKnownFileType = sourcecode.swift; path = Pitch_PerfectTests.swift; sourceTree = "<group>"; };
/* End PBXFileReference section */

/* Begin PBXFrameworksBuildPhase section */
		61E178621A376CDD00029BFE /* Frameworks */ = {
			isa = PBXFrameworksBuildPhase;
			buildActionMask = 2147483647;
			files = (
			);
			runOnlyForDeploymentPostprocessing = 0;
		};
		61E178771A376CDD00029BFE /* Frameworks */ = {
			isa = PBXFrameworksBuildPhase;
			buildActionMask = 2147483647;
			files = (
			);
			runOnlyForDeploymentPostprocessing = 0;
		};
/* End PBXFrameworksBuildPhase section */

/* Begin PBXGroup section */
		61E1785C1A376CDD00029BFE = {
			isa = PBXGroup;
			children = (
				61E178671A376CDD00029BFE /* Pitch Perfect */,
				61E1787D1A376CDD00029BFE /* Pitch PerfectTests */,
				61E178661A376CDD00029BFE /* Products */,
			);
			sourceTree = "<group>";
		};
		61E178661A376CDD00029BFE /* Products */ = {
			isa = PBXGroup;
			children = (
				61E178651A376CDD00029BFE /* Pitch Perfect.app */,
				61E1787A1A376CDD00029BFE /* Pitch PerfectTests.xctest */,
			);
			name = Products;
			sourceTree = "<group>";
		};
		61E178671A376CDD00029BFE /* Pitch Perfect */ = {
			isa = PBXGroup;
			children = (
				61CDA16E1A41B49A00E9769B /* Main.storyboard */,
				61E1786A1A376CDD00029BFE /* AppDelegate.swift */,
				61E1786C1A376CDD00029BFE /* RecordSoundsViewController.swift */,
				615BB7771A41530200315DCE /* RecordedAudio.swift */,
				615BB76D1A3E33A500315DCE /* PlaySoundsViewController.swift */,
				61E178711A376CDD00029BFE /* Images.xcassets */,
				61E178731A376CDD00029BFE /* LaunchScreen.xib */,
				61E178681A376CDD00029BFE /* Supporting Files */,
			);
			path = "Pitch Perfect";
			sourceTree = "<group>";
		};
		61E178681A376CDD00029BFE /* Supporting Files */ = {
			isa = PBXGroup;
			children = (
				615BB7751A40C47000315DCE /* movie_quote.mp3 */,
				61E178691A376CDD00029BFE /* Info.plist */,
			);
			name = "Supporting Files";
			sourceTree = "<group>";
		};
		61E1787D1A376CDD00029BFE /* Pitch PerfectTests */ = {
			isa = PBXGroup;
			children = (
				61E178801A376CDD00029BFE /* Pitch_PerfectTests.swift */,
				61E1787E1A376CDD00029BFE /* Supporting Files */,
			);
			path = "Pitch PerfectTests";
			sourceTree = "<group>";
		};
		61E1787E1A376CDD00029BFE /* Supporting Files */ = {
			isa = PBXGroup;
			children = (
				61E1787F1A376CDD00029BFE /* Info.plist */,
			);
			name = "Supporting Files";
			sourceTree = "<group>";
		};
/* End PBXGroup section */

/* Begin PBXNativeTarget section */
		61E178641A376CDD00029BFE /* Pitch Perfect */ = {
			isa = PBXNativeTarget;
			buildConfigurationList = 61E178841A376CDD00029BFE /* Build configuration list for PBXNativeTarget "Pitch Perfect" */;
			buildPhases = (
				61E178611A376CDD00029BFE /* Sources */,
				61E178621A376CDD00029BFE /* Frameworks */,
				61E178631A376CDD00029BFE /* Resources */,
			);
			buildRules = (
			);
			dependencies = (
			);
			name = "Pitch Perfect";
			productName = "Pitch Perfect";
			productReference = 61E178651A376CDD00029BFE /* Pitch Perfect.app */;
			productType = "com.apple.product-type.application";
		};
		61E178791A376CDD00029BFE /* Pitch PerfectTests */ = {
			isa = PBXNativeTarget;
			buildConfigurationList = 61E178871A376CDD00029BFE /* Build configuration list for PBXNativeTarget "Pitch PerfectTests" */;
			buildPhases = (
				61E178761A376CDD00029BFE /* Sources */,
				61E178771A376CDD00029BFE /* Frameworks */,
				61E178781A376CDD00029BFE /* Resources */,
			);
			buildRules = (
			);
			dependencies = (
				61E1787C1A376CDD00029BFE /* PBXTargetDependency */,
			);
			name = "Pitch PerfectTests";
			productName = "Pitch PerfectTests";
			productReference = 61E1787A1A376CDD00029BFE /* Pitch PerfectTests.xctest */;
			productType = "com.apple.product-type.bundle.unit-test";
		};
/* End PBXNativeTarget section */

/* Begin PBXProject section */
		61E1785D1A376CDD00029BFE /* Project object */ = {
			isa = PBXProject;
			attributes = {
				LastUpgradeCheck = 0610;
				ORGANIZATIONNAME = flagword;
				TargetAttributes = {
					61E178641A376CDD00029BFE = {
						CreatedOnToolsVersion = 6.1.1;
					};
					61E178791A376CDD00029BFE = {
						CreatedOnToolsVersion = 6.1.1;
						TestTargetID = 61E178641A376CDD00029BFE;
					};
				};
			};
			buildConfigurationList = 61E178601A376CDD00029BFE /* Build configuration list for PBXProject "Pitch Perfect" */;
			compatibilityVersion = "Xcode 3.2";
			developmentRegion = English;
			hasScannedForEncodings = 0;
			knownRegions = (
				en,
				Base,
			);
			mainGroup = 61E1785C1A376CDD00029BFE;
			productRefGroup = 61E178661A376CDD00029BFE /* Products */;
			projectDirPath = "";
			projectRoot = "";
			targets = (
				61E178641A376CDD00029BFE /* Pitch Perfect */,
				61E178791A376CDD00029BFE /* Pitch PerfectTests */,
			);
		};
/* End PBXProject section */

/* Begin PBXResourcesBuildPhase section */
		61E178631A376CDD00029BFE /* Resources */ = {
			isa = PBXResourcesBuildPhase;
			buildActionMask = 2147483647;
			files = (
				61E178751A376CDD00029BFE /* LaunchScreen.xib in Resources */,
				61CDA1701A41B49A00E9769B /* Main.storyboard in Resources */,
				615BB7761A40C47000315DCE /* movie_quote.mp3 in Resources */,
				61E178721A376CDD00029BFE /* Images.xcassets in Resources */,
			);
			runOnlyForDeploymentPostprocessing = 0;
		};
		61E178781A376CDD00029BFE /* Resources */ = {
			isa = PBXResourcesBuildPhase;
			buildActionMask = 2147483647;
			files = (
			);
			runOnlyForDeploymentPostprocessing = 0;
		};
/* End PBXResourcesBuildPhase section */

/* Begin PBXSourcesBuildPhase section */
		61E178611A376CDD00029BFE /* Sources */ = {
			isa = PBXSourcesBuildPhase;
			buildActionMask = 2147483647;
			files = (
				615BB7781A41530200315DCE /* RecordedAudio.swift in Sources */,
				61E1786D1A376CDD00029BFE /* RecordSoundsViewController.swift in Sources */,
				615BB76E1A3E33A500315DCE /* PlaySoundsViewController.swift in Sources */,
				61E1786B1A376CDD00029BFE /* AppDelegate.swift in Sources */,
			);
			runOnlyForDeploymentPostprocessing = 0;
		};
		61E178761A376CDD00029BFE /* Sources */ = {
			isa = PBXSourcesBuildPhase;
			buildActionMask = 2147483647;
			files = (
				61E178811A376CDD00029BFE /* Pitch_PerfectTests.swift in Sources */,
			);
			runOnlyForDeploymentPostprocessing = 0;
		};
/* End PBXSourcesBuildPhase section */

/* Begin PBXTargetDependency section */
		61E1787C1A376CDD00029BFE /* PBXTargetDependency */ = {
			isa = PBXTargetDependency;
			target = 61E178641A376CDD00029BFE /* Pitch Perfect */;
			targetProxy = 61E1787B1A376CDD00029BFE /* PBXContainerItemProxy */;
		};
/* End PBXTargetDependency section */

/* Begin PBXVariantGroup section */
		61CDA16E1A41B49A00E9769B /* Main.storyboard */ = {
			isa = PBXVariantGroup;
			children = (
				61CDA16F1A41B49A00E9769B /* Base */,
			);
			name = Main.storyboard;
			sourceTree = "<group>";
		};
		61E178731A376CDD00029BFE /* LaunchScreen.xib */ = {
			isa = PBXVariantGroup;
			children = (
				61E178741A376CDD00029BFE /* Base */,
			);
			name = LaunchScreen.xib;
			sourceTree = "<group>";
		};
/* End PBXVariantGroup section */

/* Begin XCBuildConfiguration section */
		61E178821A376CDD00029BFE /* Debug */ = {
			isa = XCBuildConfiguration;
			buildSettings = {
				ALWAYS_SEARCH_USER_PATHS = NO;
				CLANG_CXX_LANGUAGE_STANDARD = "gnu++0x";
				CLANG_CXX_LIBRARY = "libc++";
				CLANG_ENABLE_MODULES = YES;
				CLANG_ENABLE_OBJC_ARC = YES;
				CLANG_WARN_BOOL_CONVERSION = YES;
				CLANG_WARN_CONSTANT_CONVERSION = YES;
				CLANG_WARN_DIRECT_OBJC_ISA_USAGE = YES_ERROR;
				CLANG_WARN_EMPTY_BODY = YES;
				CLANG_WARN_ENUM_CONVERSION = YES;
				CLANG_WARN_INT_CONVERSION = YES;
				CLANG_WARN_OBJC_ROOT_CLASS = YES_ERROR;
				CLANG_WARN_UNREACHABLE_CODE = YES;
				CLANG_WARN__DUPLICATE_METHOD_MATCH = YES;
				"CODE_SIGN_IDENTITY[sdk=iphoneos*]" = "iPhone Developer";
				COPY_PHASE_STRIP = NO;
				ENABLE_STRICT_OBJC_MSGSEND = YES;
				GCC_C_LANGUAGE_STANDARD = gnu99;
				GCC_DYNAMIC_NO_PIC = NO;
				GCC_OPTIMIZATION_LEVEL = 0;
				GCC_PREPROCESSOR_DEFINITIONS = (
					"DEBUG=1",
					"$(inherited)",
				);
				GCC_SYMBOLS_PRIVATE_EXTERN = NO;
				GCC_WARN_64_TO_32_BIT_CONVERSION = YES;
				GCC_WARN_ABOUT_RETURN_TYPE = YES_ERROR;
				GCC_WARN_UNDECLARED_SELECTOR = YES;
				GCC_WARN_UNINITIALIZED_AUTOS = YES_AGGRESSIVE;
				GCC_WARN_UNUSED_FUNCTION = YES;
				GCC_WARN_UNUSED_VARIABLE = YES;
				IPHONEOS_DEPLOYMENT_TARGET = 8.1;
				MTL_ENABLE_DEBUG_INFO = YES;
				ONLY_ACTIVE_ARCH = YES;
				SDKROOT = iphoneos;
				SWIFT_OPTIMIZATION_LEVEL = "-Onone";
			};
			name = Debug;
		};
		61E178831A376CDD00029BFE /* Release */ = {
			isa = XCBuildConfiguration;
			buildSettings = {
				ALWAYS_SEARCH_USER_PATHS = NO;
				CLANG_CXX_LANGUAGE_STANDARD = "gnu++0x";
				CLANG_CXX_LIBRARY = "libc++";
				CLANG_ENABLE_MODULES = YES;
				CLANG_ENABLE_OBJC_ARC = YES;
				CLANG_WARN_BOOL_CONVERSION = YES;
				CLANG_WARN_CONSTANT_CONVERSION = YES;
				CLANG_WARN_DIRECT_OBJC_ISA_USAGE = YES_ERROR;
				CLANG_WARN_EMPTY_BODY = YES;
				CLANG_WARN_ENUM_CONVERSION = YES;
				CLANG_WARN_INT_CONVERSION = YES;
				CLANG_WARN_OBJC_ROOT_CLASS = YES_ERROR;
				CLANG_WARN_UNREACHABLE_CODE = YES;
				CLANG_WARN__DUPLICATE_METHOD_MATCH = YES;
				"CODE_SIGN_IDENTITY[sdk=iphoneos*]" = "iPhone Developer";
				COPY_PHASE_STRIP = YES;
				ENABLE_NS_ASSERTIONS = NO;
				ENABLE_STRICT_OBJC_MSGSEND = YES;
				GCC_C_LANGUAGE_STANDARD = gnu99;
				GCC_WARN_64_TO_32_BIT_CONVERSION = YES;
				GCC_WARN_ABOUT_RETURN_TYPE = YES_ERROR;
				GCC_WARN_UNDECLARED_SELECTOR = YES;
				GCC_WARN_UNINITIALIZED_AUTOS = YES_AGGRESSIVE;
				GCC_WARN_UNUSED_FUNCTION = YES;
				GCC_WARN_UNUSED_VARIABLE = YES;
				IPHONEOS_DEPLOYMENT_TARGET = 8.1;
				MTL_ENABLE_DEBUG_INFO = NO;
				SDKROOT = iphoneos;
				VALIDATE_PRODUCT = YES;
			};
			name = Release;
		};
		61E178851A376CDD00029BFE /* Debug */ = {
			isa = XCBuildConfiguration;
			buildSettings = {
				ASSETCATALOG_COMPILER_APPICON_NAME = AppIcon;
				INFOPLIST_FILE = "Pitch Perfect/Info.plist";
				LD_RUNPATH_SEARCH_PATHS = "$(inherited) @executable_path/Frameworks";
				PRODUCT_NAME = "$(TARGET_NAME)";
			};
			name = Debug;
		};
		61E178861A376CDD00029BFE /* Release */ = {
			isa = XCBuildConfiguration;
			buildSettings = {
				ASSETCATALOG_COMPILER_APPICON_NAME = AppIcon;
				INFOPLIST_FILE = "Pitch Perfect/Info.plist";
				LD_RUNPATH_SEARCH_PATHS = "$(inherited) @executable_path/Frameworks";
				PRODUCT_NAME = "$(TARGET_NAME)";
			};
			name = Release;
		};
		61E178881A376CDD00029BFE /* Debug */ = {
			isa = XCBuildConfiguration;
			buildSettings = {
				BUNDLE_LOADER = "$(TEST_HOST)";
				FRAMEWORK_SEARCH_PATHS = (
					"$(SDKROOT)/Developer/Library/Frameworks",
					"$(inherited)",
				);
				GCC_PREPROCESSOR_DEFINITIONS = (
					"DEBUG=1",
					"$(inherited)",
				);
				INFOPLIST_FILE = "Pitch PerfectTests/Info.plist";
				LD_RUNPATH_SEARCH_PATHS = "$(inherited) @executable_path/Frameworks @loader_path/Frameworks";
				PRODUCT_NAME = "$(TARGET_NAME)";
				TEST_HOST = "$(BUILT_PRODUCTS_DIR)/Pitch Perfect.app/Pitch Perfect";
			};
			name = Debug;
		};
		61E178891A376CDD00029BFE /* Release */ = {
			isa = XCBuildConfiguration;
			buildSettings = {
				BUNDLE_LOADER = "$(TEST_HOST)";
				FRAMEWORK_SEARCH_PATHS = (
					"$(SDKROOT)/Developer/Library/Frameworks",
					"$(inherited)",
				);
				INFOPLIST_FILE = "Pitch PerfectTests/Info.plist";
				LD_RUNPATH_SEARCH_PATHS = "$(inherited) @executable_path/Frameworks @loader_path/Frameworks";
				PRODUCT_NAME = "$(TARGET_NAME)";
				TEST_HOST = "$(BUILT_PRODUCTS_DIR)/Pitch Perfect.app/Pitch Perfect";
			};
			name = Release;
		};
/* End XCBuildConfiguration section */

/* Begin XCConfigurationList section */
		61E178601A376CDD00029BFE /* Build configuration list for PBXProject "Pitch Perfect" */ = {
			isa = XCConfigurationList;
			buildConfigurations = (
				61E178821A376CDD00029BFE /* Debug */,
				61E178831A376CDD00029BFE /* Release */,
			);
			defaultConfigurationIsVisible = 0;
			defaultConfigurationName = Release;
		};
		61E178841A376CDD00029BFE /* Build configuration list for PBXNativeTarget "Pitch Perfect" */ = {
			isa = XCConfigurationList;
			buildConfigurations = (
				61E178851A376CDD00029BFE /* Debug */,
				61E178861A376CDD00029BFE /* Release */,
			);
			defaultConfigurationIsVisible = 0;
			defaultConfigurationName = Release;
		};
		61E178871A376CDD00029BFE /* Build configuration list for PBXNativeTarget "Pitch PerfectTests" */ = {
			isa = XCConfigurationList;
			buildConfigurations = (
				61E178881A376CDD00029BFE /* Debug */,
				61E178891A376CDD00029BFE /* Release */,
			);
			defaultConfigurationIsVisible = 0;
			defaultConfigurationName = Release;
		};
/* End XCConfigurationList section */
	};
	rootObject = 61E1785D1A376CDD00029BFE /* Project object */;
}
